
Microsoft Visual Studio Solution File, Format Version 12.00
# Visual Studio Version 16
VisualStudioVersion = 16.0.31105.61
MinimumVisualStudioVersion = 10.0.40219.1
Project("{FAE04EC0-301F-11D3-BF4B-00C04F79EFBC}") = "CodingInterviewQuestions", "CodingInterviewQuestions\CodingInterviewQuestions.csproj", "{A828F2ED-FDD9-434C-9C62-3E43F8536BCC}"
EndProject
Global
	GlobalSection(SolutionConfigurationPlatforms) = preSolution
		Debug|Any CPU = Debug|Any CPU
		Release|Any CPU = Release|Any CPU
	EndGlobalSection
	GlobalSection(ProjectConfigurationPlatforms) = postSolution
		{A828F2ED-FDD9-434C-9C62-3E43F8536BCC}.Debug|Any CPU.ActiveCfg = Debug|Any CPU
		{A828F2ED-FDD9-434C-9C62-3E43F8536BCC}.Debug|Any CPU.Build.0 = Debug|Any CPU
		{A828F2ED-FDD9-434C-9C62-3E43F8536BCC}.Release|Any CPU.ActiveCfg = Release|Any CPU
		{A828F2ED-FDD9-434C-9C62-3E43F8536BCC}.Release|Any CPU.Build.0 = Release|Any CPU
	EndGlobalSection
	GlobalSection(SolutionProperties) = preSolution
		HideSolutionNode = FALSE
	EndGlobalSection
	GlobalSection(ExtensibilityGlobals) = postSolution
		SolutionGuid = {1DE55D2F-98D2-429D-BC26-19EE7BDCF2C1}
	EndGlobalSection
EndGlobal
